
Microsoft Visual Studio Solution File, Format Version 12.00
# Visual Studio Version 17
VisualStudioVersion = 17.5.002.0
MinimumVisualStudioVersion = 10.0.40219.1
Project("{2150E333-8FDC-42A3-9474-1A3956D46DE8}") = "sandbox", "sandbox", "{32C03DFE-2B2F-42DB-9B67-F540B4319FFE}"
EndProject
Project("{9A19103F-16F7-4668-BE54-9A1E7A4F7556}") = "sandbox_project", "sandbox\sandbox_project\sandbox_project.csproj", "{2EBE4FF7-53A2-4997-BA27-253F9A79E897}"
EndProject
Project("{2150E333-8FDC-42A3-9474-1A3956D46DE8}") = "week01", "week01", "{94060E6A-8DCC-46D8-991B-884B7DFF0BB1}"
EndProject
Project("{9A19103F-16F7-4668-BE54-9A1E7A4F7556}") = "analyze", "week01\analyze\analyze.csproj", "{4C5FA23F-E46A-4DC1-8112-33006C893D9B}"
EndProject
Project("{9A19103F-16F7-4668-BE54-9A1E7A4F7556}") = "code", "week01\code\code.csproj", "{B07804ED-82D6-413E-B48E-CD53061AD738}"
EndProject
Project("{9A19103F-16F7-4668-BE54-9A1E7A4F7556}") = "teach", "week01\teach\teach.csproj", "{50504788-C4CA-46A0-844C-5FFCADFFF3D3}"
EndProject
Project("{2150E333-8FDC-42A3-9474-1A3956D46DE8}") = "week02", "week02", "{A2B1AFC0-BA5F-4AE4-897C-998695418E22}"
EndProject
Project("{9A19103F-16F7-4668-BE54-9A1E7A4F7556}") = "analyze", "week02\analyze\analyze.csproj", "{03BAB9D9-5C40-40F1-8275-6EC7917B22EF}"
EndProject
Project("{9A19103F-16F7-4668-BE54-9A1E7A4F7556}") = "code", "week02\code\code.csproj", "{BA15C59C-A7BF-4C17-82AF-1D4A9B707840}"
EndProject
Project("{9A19103F-16F7-4668-BE54-9A1E7A4F7556}") = "learn", "week02\learn\learn.csproj", "{9CDB81A8-3C89-4179-A4DC-928DBE78F31D}"
EndProject
Project("{9A19103F-16F7-4668-BE54-9A1E7A4F7556}") = "teach", "week02\teach\teach.csproj", "{8292F24D-B795-4820-988E-76AF1E540440}"
EndProject
Project("{2150E333-8FDC-42A3-9474-1A3956D46DE8}") = "week03", "week03", "{AC41CCAA-865B-4602-BA66-3633F41B2A31}"
EndProject
Project("{9A19103F-16F7-4668-BE54-9A1E7A4F7556}") = "code", "week03\code\code.csproj", "{EF504A18-0181-41CA-8C8C-D44034774E56}"
EndProject
Project("{9A19103F-16F7-4668-BE54-9A1E7A4F7556}") = "learn", "week03\learn\learn.csproj", "{3D44EB26-6B08-455A-BF77-F6CF5D7F6032}"
EndProject
Project("{9A19103F-16F7-4668-BE54-9A1E7A4F7556}") = "teach", "week03\teach\teach.csproj", "{04A6D41A-915F-4727-BD79-763396655E0C}"
EndProject
Project("{2150E333-8FDC-42A3-9474-1A3956D46DE8}") = "week04", "week04", "{809414DF-98F2-424D-8D70-FCC6001B86B1}"
EndProject
Project("{9A19103F-16F7-4668-BE54-9A1E7A4F7556}") = "code", "week04\code\code.csproj", "{D09E8F75-AD29-46A8-89F6-D97AB1CF7886}"
EndProject
Project("{2150E333-8FDC-42A3-9474-1A3956D46DE8}") = "week05", "week05", "{EC26B413-8BDA-420B-9181-1FB3E5998E5D}"
EndProject
Project("{9A19103F-16F7-4668-BE54-9A1E7A4F7556}") = "code", "week05\code\code.csproj", "{2725FA4D-3074-470D-A771-E678DBDC46F2}"
EndProject
Project("{2150E333-8FDC-42A3-9474-1A3956D46DE8}") = "week06", "week06", "{3529CD63-0727-4577-9C15-2A27F5AED9B8}"
EndProject
Project("{9A19103F-16F7-4668-BE54-9A1E7A4F7556}") = "code", "week06\code\code.csproj", "{6FD47CAB-E9F3-4CF4-A0B0-4AA0EB31DC63}"
EndProject
Global
	GlobalSection(SolutionConfigurationPlatforms) = preSolution
		Debug|Any CPU = Debug|Any CPU
		Release|Any CPU = Release|Any CPU
	EndGlobalSection
	GlobalSection(ProjectConfigurationPlatforms) = postSolution
		{2EBE4FF7-53A2-4997-BA27-253F9A79E897}.Debug|Any CPU.ActiveCfg = Debug|Any CPU
		{2EBE4FF7-53A2-4997-BA27-253F9A79E897}.Debug|Any CPU.Build.0 = Debug|Any CPU
		{2EBE4FF7-53A2-4997-BA27-253F9A79E897}.Release|Any CPU.ActiveCfg = Release|Any CPU
		{2EBE4FF7-53A2-4997-BA27-253F9A79E897}.Release|Any CPU.Build.0 = Release|Any CPU
		{4C5FA23F-E46A-4DC1-8112-33006C893D9B}.Debug|Any CPU.ActiveCfg = Debug|Any CPU
		{4C5FA23F-E46A-4DC1-8112-33006C893D9B}.Debug|Any CPU.Build.0 = Debug|Any CPU
		{4C5FA23F-E46A-4DC1-8112-33006C893D9B}.Release|Any CPU.ActiveCfg = Release|Any CPU
		{4C5FA23F-E46A-4DC1-8112-33006C893D9B}.Release|Any CPU.Build.0 = Release|Any CPU
		{B07804ED-82D6-413E-B48E-CD53061AD738}.Debug|Any CPU.ActiveCfg = Debug|Any CPU
		{B07804ED-82D6-413E-B48E-CD53061AD738}.Debug|Any CPU.Build.0 = Debug|Any CPU
		{B07804ED-82D6-413E-B48E-CD53061AD738}.Release|Any CPU.ActiveCfg = Release|Any CPU
		{B07804ED-82D6-413E-B48E-CD53061AD738}.Release|Any CPU.Build.0 = Release|Any CPU
		{50504788-C4CA-46A0-844C-5FFCADFFF3D3}.Debug|Any CPU.ActiveCfg = Debug|Any CPU
		{50504788-C4CA-46A0-844C-5FFCADFFF3D3}.Debug|Any CPU.Build.0 = Debug|Any CPU
		{50504788-C4CA-46A0-844C-5FFCADFFF3D3}.Release|Any CPU.ActiveCfg = Release|Any CPU
		{50504788-C4CA-46A0-844C-5FFCADFFF3D3}.Release|Any CPU.Build.0 = Release|Any CPU
		{03BAB9D9-5C40-40F1-8275-6EC7917B22EF}.Debug|Any CPU.ActiveCfg = Debug|Any CPU
		{03BAB9D9-5C40-40F1-8275-6EC7917B22EF}.Debug|Any CPU.Build.0 = Debug|Any CPU
		{03BAB9D9-5C40-40F1-8275-6EC7917B22EF}.Release|Any CPU.ActiveCfg = Release|Any CPU
		{03BAB9D9-5C40-40F1-8275-6EC7917B22EF}.Release|Any CPU.Build.0 = Release|Any CPU
		{BA15C59C-A7BF-4C17-82AF-1D4A9B707840}.Debug|Any CPU.ActiveCfg = Debug|Any CPU
		{BA15C59C-A7BF-4C17-82AF-1D4A9B707840}.Debug|Any CPU.Build.0 = Debug|Any CPU
		{BA15C59C-A7BF-4C17-82AF-1D4A9B707840}.Release|Any CPU.ActiveCfg = Release|Any CPU
		{BA15C59C-A7BF-4C17-82AF-1D4A9B707840}.Release|Any CPU.Build.0 = Release|Any CPU
		{9CDB81A8-3C89-4179-A4DC-928DBE78F31D}.Debug|Any CPU.ActiveCfg = Debug|Any CPU
		{9CDB81A8-3C89-4179-A4DC-928DBE78F31D}.Debug|Any CPU.Build.0 = Debug|Any CPU
		{9CDB81A8-3C89-4179-A4DC-928DBE78F31D}.Release|Any CPU.ActiveCfg = Release|Any CPU
		{9CDB81A8-3C89-4179-A4DC-928DBE78F31D}.Release|Any CPU.Build.0 = Release|Any CPU
		{8292F24D-B795-4820-988E-76AF1E540440}.Debug|Any CPU.ActiveCfg = Debug|Any CPU
		{8292F24D-B795-4820-988E-76AF1E540440}.Debug|Any CPU.Build.0 = Debug|Any CPU
		{8292F24D-B795-4820-988E-76AF1E540440}.Release|Any CPU.ActiveCfg = Release|Any CPU
		{8292F24D-B795-4820-988E-76AF1E540440}.Release|Any CPU.Build.0 = Release|Any CPU
		{EF504A18-0181-41CA-8C8C-D44034774E56}.Debug|Any CPU.ActiveCfg = Debug|Any CPU
		{EF504A18-0181-41CA-8C8C-D44034774E56}.Debug|Any CPU.Build.0 = Debug|Any CPU
		{EF504A18-0181-41CA-8C8C-D44034774E56}.Release|Any CPU.ActiveCfg = Release|Any CPU
		{EF504A18-0181-41CA-8C8C-D44034774E56}.Release|Any CPU.Build.0 = Release|Any CPU
		{3D44EB26-6B08-455A-BF77-F6CF5D7F6032}.Debug|Any CPU.ActiveCfg = Debug|Any CPU
		{3D44EB26-6B08-455A-BF77-F6CF5D7F6032}.Debug|Any CPU.Build.0 = Debug|Any CPU
		{3D44EB26-6B08-455A-BF77-F6CF5D7F6032}.Release|Any CPU.ActiveCfg = Release|Any CPU
		{3D44EB26-6B08-455A-BF77-F6CF5D7F6032}.Release|Any CPU.Build.0 = Release|Any CPU
		{04A6D41A-915F-4727-BD79-763396655E0C}.Debug|Any CPU.ActiveCfg = Debug|Any CPU
		{04A6D41A-915F-4727-BD79-763396655E0C}.Debug|Any CPU.Build.0 = Debug|Any CPU
		{04A6D41A-915F-4727-BD79-763396655E0C}.Release|Any CPU.ActiveCfg = Release|Any CPU
		{04A6D41A-915F-4727-BD79-763396655E0C}.Release|Any CPU.Build.0 = Release|Any CPU
		{D09E8F75-AD29-46A8-89F6-D97AB1CF7886}.Debug|Any CPU.ActiveCfg = Debug|Any CPU
		{D09E8F75-AD29-46A8-89F6-D97AB1CF7886}.Debug|Any CPU.Build.0 = Debug|Any CPU
		{D09E8F75-AD29-46A8-89F6-D97AB1CF7886}.Release|Any CPU.ActiveCfg = Release|Any CPU
		{D09E8F75-AD29-46A8-89F6-D97AB1CF7886}.Release|Any CPU.Build.0 = Release|Any CPU
		{2725FA4D-3074-470D-A771-E678DBDC46F2}.Debug|Any CPU.ActiveCfg = Debug|Any CPU
		{2725FA4D-3074-470D-A771-E678DBDC46F2}.Debug|Any CPU.Build.0 = Debug|Any CPU
		{2725FA4D-3074-470D-A771-E678DBDC46F2}.Release|Any CPU.ActiveCfg = Release|Any CPU
		{2725FA4D-3074-470D-A771-E678DBDC46F2}.Release|Any CPU.Build.0 = Release|Any CPU
		{6FD47CAB-E9F3-4CF4-A0B0-4AA0EB31DC63}.Debug|Any CPU.ActiveCfg = Debug|Any CPU
		{6FD47CAB-E9F3-4CF4-A0B0-4AA0EB31DC63}.Debug|Any CPU.Build.0 = Debug|Any CPU
		{6FD47CAB-E9F3-4CF4-A0B0-4AA0EB31DC63}.Release|Any CPU.ActiveCfg = Release|Any CPU
		{6FD47CAB-E9F3-4CF4-A0B0-4AA0EB31DC63}.Release|Any CPU.Build.0 = Release|Any CPU
	EndGlobalSection
	GlobalSection(SolutionProperties) = preSolution
		HideSolutionNode = FALSE
	EndGlobalSection
	GlobalSection(NestedProjects) = preSolution
		{2EBE4FF7-53A2-4997-BA27-253F9A79E897} = {32C03DFE-2B2F-42DB-9B67-F540B4319FFE}
		{4C5FA23F-E46A-4DC1-8112-33006C893D9B} = {94060E6A-8DCC-46D8-991B-884B7DFF0BB1}
		{B07804ED-82D6-413E-B48E-CD53061AD738} = {94060E6A-8DCC-46D8-991B-884B7DFF0BB1}
		{50504788-C4CA-46A0-844C-5FFCADFFF3D3} = {94060E6A-8DCC-46D8-991B-884B7DFF0BB1}
		{03BAB9D9-5C40-40F1-8275-6EC7917B22EF} = {A2B1AFC0-BA5F-4AE4-897C-998695418E22}
		{BA15C59C-A7BF-4C17-82AF-1D4A9B707840} = {A2B1AFC0-BA5F-4AE4-897C-998695418E22}
		{9CDB81A8-3C89-4179-A4DC-928DBE78F31D} = {A2B1AFC0-BA5F-4AE4-897C-998695418E22}
		{8292F24D-B795-4820-988E-76AF1E540440} = {A2B1AFC0-BA5F-4AE4-897C-998695418E22}
		{EF504A18-0181-41CA-8C8C-D44034774E56} = {AC41CCAA-865B-4602-BA66-3633F41B2A31}
		{3D44EB26-6B08-455A-BF77-F6CF5D7F6032} = {AC41CCAA-865B-4602-BA66-3633F41B2A31}
		{04A6D41A-915F-4727-BD79-763396655E0C} = {AC41CCAA-865B-4602-BA66-3633F41B2A31}
		{D09E8F75-AD29-46A8-89F6-D97AB1CF7886} = {809414DF-98F2-424D-8D70-FCC6001B86B1}
		{2725FA4D-3074-470D-A771-E678DBDC46F2} = {EC26B413-8BDA-420B-9181-1FB3E5998E5D}
		{6FD47CAB-E9F3-4CF4-A0B0-4AA0EB31DC63} = {3529CD63-0727-4577-9C15-2A27F5AED9B8}
	EndGlobalSection
	GlobalSection(ExtensibilityGlobals) = postSolution
		SolutionGuid = {1511EB54-9BD3-4266-AF1C-7CD3CAA52FED}
	EndGlobalSection
EndGlobal
